version = 1
revision = 3
requires-python = ">=3.11"

[[package]]
name = "automaticpec"
version = "0.1.0"
source = { virtual = "." }
dependencies = [
    { name = "python-dotenv" },
    { name = "tyro" },
]

[package.dev-dependencies]
dev = [
    { name = "basedpyright" },
    { name = "ruff" },
]

[package.metadata]
requires-dist = [
    { name = "python-dotenv", specifier = ">=1.2.1" },
    { name = "tyro", specifier = ">=1.0.8" },
]

[package.metadata.requires-dev]
dev = [
    { name = "basedpyright", specifier = ">=1.38.2" },
    { name = "ruff", specifier = ">=0.15.4" },
]

[[package]]
name = "basedpyright"
version = "1.38.2"
source = { registry = "https://pypi.org/simple" }
dependencies = [
    { name = "nodejs-wheel-binaries" },
]
sdist = { url = "https://files.pythonhosted.org/packages/e4/a3/20aa7c4e83f2f614e0036300f3c352775dede0655c66814da16c37b661a9/basedpyright-1.38.2.tar.gz", hash = "sha256:b433b2b8ba745ed7520cdc79a29a03682f3fb00346d272ece5944e9e5e5daa92", size = 25277019, upload-time = "2026-02-26T11:18:43.594Z" }
wheels = [
    { url = "https://files.pythonhosted.org/packages/ac/12/736cab83626fea3fe65cdafb3ef3d2ee9480c56723f2fd33921537289a5e/basedpyright-1.38.2-py3-none-any.whl", hash = "sha256:153481d37fd19f9e3adedc8629d1d071b10c5f5e49321fb026b74444b7c70e24", size = 12312475, upload-time = "2026-02-26T11:18:40.373Z" },
]

[[package]]
name = "docstring-parser"
version = "0.17.0"
source = { registry = "https://pypi.org/simple" }
sdist = { url = "https://files.pythonhosted.org/packages/b2/9d/c3b43da9515bd270df0f80548d9944e389870713cc1fe2b8fb35fe2bcefd/docstring_parser-0.17.0.tar.gz", hash = "sha256:583de4a309722b3315439bb31d64ba3eebada841f2e2cee23b99df001434c912", size = 27442, upload-time = "2025-07-21T07:35:01.868Z" }
wheels = [
    { url = "https://files.pythonhosted.org/packages/55/e2/2537ebcff11c1ee1ff17d8d0b6f4db75873e3b0fb32c2d4a2ee31ecb310a/docstring_parser-0.17.0-py3-none-any.whl", hash = "sha256:cf2569abd23dce8099b300f9b4fa8191e9582dda731fd533daf54c4551658708", size = 36896, upload-time = "2025-07-21T07:35:00.684Z" },
]

[[package]]
name = "nodejs-wheel-binaries"
version = "24.14.0"
source = { registry = "https://pypi.org/simple" }
sdist = { url = "https://files.pythonhosted.org/packages/71/05/c75c0940b1ebf82975d14f37176679b6f3229eae8b47b6a70d1e1dae0723/nodejs_wheel_binaries-24.14.0.tar.gz", hash = "sha256:c87b515e44b0e4a523017d8c59f26ccbd05b54fe593338582825d4b51fc91e1c", size = 8057, upload-time = "2026-02-27T02:57:30.931Z" }
wheels = [
    { url = "https://files.pythonhosted.org/packages/58/8c/b057c2db3551a6fe04e93dd14e33d810ac8907891534ffcc7a051b253858/nodejs_wheel_binaries-24.14.0-py2.py3-none-macosx_13_0_arm64.whl", hash = "sha256:59bb78b8eb08c3e32186da1ef913f1c806b5473d8bd0bb4492702092747b674a", size = 54798488, upload-time = "2026-02-27T02:56:56.831Z" },
    { url = "https://files.pythonhosted.org/packages/30/88/7e1b29c067b6625c97c81eb8b0ef37cf5ad5b62bb81e23f4bde804910ec9/nodejs_wheel_binaries-24.14.0-py2.py3-none-macosx_13_0_x86_64.whl", hash = "sha256:348fa061b57625de7250d608e2d9b7c4bc170544da7e328325343860eadd59e5", size = 54972803, upload-time = "2026-02-27T02:57:01.696Z" },
    { url = "https://files.pythonhosted.org/packages/1e/e0/a83f0ff12faca2a56366462e572e38ac6f5cb361877bb29e289138eb7f24/nodejs_wheel_binaries-24.14.0-py2.py3-none-manylinux_2_28_aarch64.whl", hash = "sha256:222dbf516ccc877afcad4e4789a81b4ee93daaa9f0ad97c464417d9597f49449", size = 59340859, upload-time = "2026-02-27T02:57:06.125Z" },
    { url = "https://files.pythonhosted.org/packages/e2/9f/06fad4ae8a723ae7096b5311eba67ad8b4df5f359c0a68e366750b7fef78/nodejs_wheel_binaries-24.14.0-py2.py3-none-manylinux_2_28_x86_64.whl", hash = "sha256:b35d6fcccfe4fb0a409392d237fbc67796bac0d357b996bc12d057a1531a238b", size = 59838751, upload-time = "2026-02-27T02:57:10.449Z" },
    { url = "https://files.pythonhosted.org/packages/8c/72/4916dadc7307c3e9bcfa43b4b6f88237932d502c66f89eb2d90fb07810db/nodejs_wheel_binaries-24.14.0-py2.py3-none-musllinux_1_2_aarch64.whl", hash = "sha256:519507fb74f3f2b296ab1e9f00dcc211f36bbfb93c60229e72dcdee9dafd301a", size = 61340534, upload-time = "2026-02-27T02:57:15.309Z" },
    { url = "https://files.pythonhosted.org/packages/2e/df/a8ba881ee5d04b04e0d93abc8ce501ff7292813583e97f9789eb3fc0472a/nodejs_wheel_binaries-24.14.0-py2.py3-none-musllinux_1_2_x86_64.whl", hash = "sha256:68c93c52ff06d704bcb5ed160b4ba04ab1b291d238aaf996b03a5396e0e9a7ed", size = 61922394, upload-time = "2026-02-27T02:57:20.24Z" },
    { url = "https://files.pythonhosted.org/packages/60/8c/b8c5f61201c72a0c7dc694b459941f89a6defda85deff258a9940a4e2efc/nodejs_wheel_binaries-24.14.0-py2.py3-none-win_amd64.whl", hash = "sha256:60b83c4e98b0c7d836ac9ccb67dcb36e343691cbe62cd325799ff9ed936286f3", size = 41218783, upload-time = "2026-02-27T02:57:24.175Z" },
    { url = "https://files.pythonhosted.org/packages/91/23/1f904bc9cbd8eece393e20840c08ba3ac03440090c3a4e95168fa6d2709f/nodejs_wheel_binaries-24.14.0-py2.py3-none-win_arm64.whl", hash = "sha256:78a9bd1d6b11baf1433f9fb84962ff8aa71c87d48b6434f98224bc49a2253a6e", size = 38926103, upload-time = "2026-02-27T02:57:27.458Z" },
]

[[package]]
name = "python-dotenv"
version = "1.2.1"
source = { registry = "https://pypi.org/simple" }
sdist = { url = "https://files.pythonhosted.org/packages/f0/26/19cadc79a718c5edbec86fd4919a6b6d3f681039a2f6d66d14be94e75fb9/python_dotenv-1.2.1.tar.gz", hash = "sha256:42667e897e16ab0d66954af0e60a9caa94f0fd4ecf3aaf6d2d260eec1aa36ad6", size = 44221, upload-time = "2025-10-26T15:12:10.434Z" }
wheels = [
    { url = "https://files.pythonhosted.org/packages/14/1b/a298b06749107c305e1fe0f814c6c74aea7b2f1e10989cb30f544a1b3253/python_dotenv-1.2.1-py3-none-any.whl", hash = "sha256:b81ee9561e9ca4004139c6cbba3a238c32b03e4894671e181b671e8cb8425d61", size = 21230, upload-time = "2025-10-26T15:12:09.109Z" },
]

[[package]]
name = "ruff"
version = "0.15.4"
source = { registry = "https://pypi.org/simple" }
sdist = { url = "https://files.pythonhosted.org/packages/da/31/d6e536cdebb6568ae75a7f00e4b4819ae0ad2640c3604c305a0428680b0c/ruff-0.15.4.tar.gz", hash = "sha256:3412195319e42d634470cc97aa9803d07e9d5c9223b99bcb1518f0c725f26ae1", size = 4569550, upload-time = "2026-02-26T20:04:14.959Z" }
wheels = [
    { url = "https://files.pythonhosted.org/packages/f2/82/c11a03cfec3a4d26a0ea1e571f0f44be5993b923f905eeddfc397c13d360/ruff-0.15.4-py3-none-linux_armv6l.whl", hash = "sha256:a1810931c41606c686bae8b5b9a8072adac2f611bb433c0ba476acba17a332e0", size = 10453333, upload-time = "2026-02-26T20:04:20.093Z" },
    { url = "https://files.pythonhosted.org/packages/ce/5d/6a1f271f6e31dffb31855996493641edc3eef8077b883eaf007a2f1c2976/ruff-0.15.4-py3-none-macosx_10_12_x86_64.whl", hash = "sha256:5a1632c66672b8b4d3e1d1782859e98d6e0b4e70829530666644286600a33992", size = 10853356, upload-time = "2026-02-26T20:04:05.808Z" },
    { url = "https://files.pythonhosted.org/packages/b1/d8/0fab9f8842b83b1a9c2bf81b85063f65e93fb512e60effa95b0be49bfc54/ruff-0.15.4-py3-none-macosx_11_0_arm64.whl", hash = "sha256:a4386ba2cd6c0f4ff75252845906acc7c7c8e1ac567b7bc3d373686ac8c222ba", size = 10187434, upload-time = "2026-02-26T20:03:54.656Z" },
    { url = "https://files.pythonhosted.org/packages/85/cc/cc220fd9394eff5db8d94dec199eec56dd6c9f3651d8869d024867a91030/ruff-0.15.4-py3-none-manylinux_2_17_aarch64.manylinux2014_aarch64.whl", hash = "sha256:b2496488bdfd3732747558b6f95ae427ff066d1fcd054daf75f5a50674411e75", size = 10535456, upload-time = "2026-02-26T20:03:52.738Z" },
    { url = "https://files.pythonhosted.org/packages/fa/0f/bced38fa5cf24373ec767713c8e4cadc90247f3863605fb030e597878661/ruff-0.15.4-py3-none-manylinux_2_17_armv7l.manylinux2014_armv7l.whl", hash = "sha256:3f1c4893841ff2d54cbda1b2860fa3260173df5ddd7b95d370186f8a5e66a4ac", size = 10287772, upload-time = "2026-02-26T20:04:08.138Z" },
    { url = "https://files.pythonhosted.org/packages/2b/90/58a1802d84fed15f8f281925b21ab3cecd813bde52a8ca033a4de8ab0e7a/ruff-0.15.4-py3-none-manylinux_2_17_i686.manylinux2014_i686.whl", hash = "sha256:820b8766bd65503b6c30aaa6331e8ef3a6e564f7999c844e9a547c40179e440a", size = 11049051, upload-time = "2026-02-26T20:04:03.53Z" },
    { url = "https://files.pythonhosted.org/packages/d2/ac/b7ad36703c35f3866584564dc15f12f91cb1a26a897dc2fd13d7cb3ae1af/ruff-0.15.4-py3-none-manylinux_2_17_ppc64le.manylinux2014_ppc64le.whl", hash = "sha256:c9fb74bab47139c1751f900f857fa503987253c3ef89129b24ed375e72873e85", size = 11890494, upload-time = "2026-02-26T20:04:10.497Z" },
    { url = "https://files.pythonhosted.org/packages/93/3d/3eb2f47a39a8b0da99faf9c54d3eb24720add1e886a5309d4d1be73a6380/ruff-0.15.4-py3-none-manylinux_2_17_s390x.manylinux2014_s390x.whl", hash = "sha256:f80c98765949c518142b3a50a5db89343aa90f2c2bf7799de9986498ae6176db", size = 11326221, upload-time = "2026-02-26T20:04:12.84Z" },
    { url = "https://files.pythonhosted.org/packages/ff/90/bf134f4c1e5243e62690e09d63c55df948a74084c8ac3e48a88468314da6/ruff-0.15.4-py3-none-manylinux_2_17_x86_64.manylinux2014_x86_64.whl", hash = "sha256:451a2e224151729b3b6c9ffb36aed9091b2996fe4bdbd11f47e27d8f2e8888ec", size = 11168459, upload-time = "2026-02-26T20:04:00.969Z" },
    { url = "https://files.pythonhosted.org/packages/b5/e5/a64d27688789b06b5d55162aafc32059bb8c989c61a5139a36e1368285eb/ruff-0.15.4-py3-none-manylinux_2_31_riscv64.whl", hash = "sha256:a8f157f2e583c513c4f5f896163a93198297371f34c04220daf40d133fdd4f7f", size = 11104366, upload-time = "2026-02-26T20:03:48.099Z" },
    { url = "https://files.pythonhosted.org/packages/f1/f6/32d1dcb66a2559763fc3027bdd65836cad9eb09d90f2ed6a63d8e9252b02/ruff-0.15.4-py3-none-musllinux_1_2_aarch64.whl", hash = "sha256:917cc68503357021f541e69b35361c99387cdbbf99bd0ea4aa6f28ca99ff5338", size = 10510887, upload-time = "2026-02-26T20:03:45.771Z" },
    { url = "https://files.pythonhosted.org/packages/ff/92/22d1ced50971c5b6433aed166fcef8c9343f567a94cf2b9d9089f6aa80fe/ruff-0.15.4-py3-none-musllinux_1_2_armv7l.whl", hash = "sha256:e9737c8161da79fd7cfec19f1e35620375bd8b2a50c3e77fa3d2c16f574105cc", size = 10285939, upload-time = "2026-02-26T20:04:22.42Z" },
    { url = "https://files.pythonhosted.org/packages/e6/f4/7c20aec3143837641a02509a4668fb146a642fd1211846634edc17eb5563/ruff-0.15.4-py3-none-musllinux_1_2_i686.whl", hash = "sha256:291258c917539e18f6ba40482fe31d6f5ac023994ee11d7bdafd716f2aab8a68", size = 10765471, upload-time = "2026-02-26T20:03:58.924Z" },
    { url = "https://files.pythonhosted.org/packages/d0/09/6d2f7586f09a16120aebdff8f64d962d7c4348313c77ebb29c566cefc357/ruff-0.15.4-py3-none-musllinux_1_2_x86_64.whl", hash = "sha256:3f83c45911da6f2cd5936c436cf86b9f09f09165f033a99dcf7477e34041cbc3", size = 11263382, upload-time = "2026-02-26T20:04:24.424Z" },
    { url = "https://files.pythonhosted.org/packages/1b/fa/2ef715a1cd329ef47c1a050e10dee91a9054b7ce2fcfdd6a06d139afb7ec/ruff-0.15.4-py3-none-win32.whl", hash = "sha256:65594a2d557d4ee9f02834fcdf0a28daa8b3b9f6cb2cb93846025a36db47ef22", size = 10506664, upload-time = "2026-02-26T20:03:50.56Z" },
    { url = "https://files.pythonhosted.org/packages/d0/a8/c688ef7e29983976820d18710f955751d9f4d4eb69df658af3d006e2ba3e/ruff-0.15.4-py3-none-win_amd64.whl", hash = "sha256:04196ad44f0df220c2ece5b0e959c2f37c777375ec744397d21d15b50a75264f", size = 11651048, upload-time = "2026-02-26T20:04:17.191Z" },
    { url = "https://files.pythonhosted.org/packages/3e/0a/9e1be9035b37448ce2e68c978f0591da94389ade5a5abafa4cf99985d1b2/ruff-0.15.4-py3-none-win_arm64.whl", hash = "sha256:60d5177e8cfc70e51b9c5fad936c634872a74209f934c1e79107d11787ad5453", size = 10966776, upload-time = "2026-02-26T20:03:56.908Z" },
]

[[package]]
name = "typeguard"
version = "4.5.1"
source = { registry = "https://pypi.org/simple" }
dependencies = [
    { name = "typing-extensions" },
]
sdist = { url = "https://files.pythonhosted.org/packages/2b/e8/66e25efcc18542d58706ce4e50415710593721aae26e794ab1dec34fb66f/typeguard-4.5.1.tar.gz", hash = "sha256:f6f8ecbbc819c9bc749983cc67c02391e16a9b43b8b27f15dc70ed7c4a007274", size = 80121, upload-time = "2026-02-19T16:09:03.392Z" }
wheels = [
    { url = "https://files.pythonhosted.org/packages/91/88/b55b3117287a8540b76dbdd87733808d4d01c8067a3b339408c250bb3600/typeguard-4.5.1-py3-none-any.whl", hash = "sha256:44d2bf329d49a244110a090b55f5f91aa82d9a9834ebfd30bcc73651e4a8cc40", size = 36745, upload-time = "2026-02-19T16:09:01.6Z" },
]

[[package]]
name = "typing-extensions"
version = "4.15.0"
source = { registry = "https://pypi.org/simple" }
sdist = { url = "https://files.pythonhosted.org/packages/72/94/1a15dd82efb362ac84269196e94cf00f187f7ed21c242792a923cdb1c61f/typing_extensions-4.15.0.tar.gz", hash = "sha256:0cea48d173cc12fa28ecabc3b837ea3cf6f38c6d1136f85cbaaf598984861466", size = 109391, upload-time = "2025-08-25T13:49:26.313Z" }
wheels = [
    { url = "https://files.pythonhosted.org/packages/18/67/36e9267722cc04a6b9f15c7f3441c2363321a3ea07da7ae0c0707beb2a9c/typing_extensions-4.15.0-py3-none-any.whl", hash = "sha256:f0fa19c6845758ab08074a0cfa8b7aecb71c999ca73d62883bc25cc018c4e548", size = 44614, upload-time = "2025-08-25T13:49:24.86Z" },
]

[[package]]
name = "tyro"
version = "1.0.8"
source = { registry = "https://pypi.org/simple" }
dependencies = [
    { name = "docstring-parser" },
    { name = "typeguard" },
    { name = "typing-extensions" },
]
sdist = { url = "https://files.pythonhosted.org/packages/9e/89/f4d76ba5ac4ca627c3a0413fdc8d90f202929c45d9c25deec29c9a86a0ae/tyro-1.0.8.tar.gz", hash = "sha256:c22bf238ce029b8cc262759129fccfd968300c3761f00ce186570af3891e14bb", size = 460626, upload-time = "2026-02-25T00:18:45.388Z" }
wheels = [
    { url = "https://files.pythonhosted.org/packages/61/7c/9c5a4ab9e24f1428fd5ab2728b7f68878f54d549a11fa431ead76d3d127b/tyro-1.0.8-py3-none-any.whl", hash = "sha256:abb6a4054f20616d9ca5181ba0c6ae0e35cf8f35ae0c78d3d4dbd1f678e0643d", size = 181935, upload-time = "2026-02-25T00:18:43.689Z" },
]
